// !$*UTF8*$!
{
	archiveVersion = 1;
	classes = {
	};
	objectVersion = 77;
	objects = {

/* Begin PBXFileReference section */
		C5740BA42D3C8D4800F6D687 /* index.html */ = {isa = PBXFileReference; lastKnownFileType = text.html; path = index.html; sourceTree = "<group>"; };
/* End PBXFileReference section */

/* Begin PBXGroup section */
		C5740B9D2D3C8D2D00F6D687 = {
			isa = PBXGroup;
			children = (
				C5740BA42D3C8D4800F6D687 /* index.html */,
			);
			sourceTree = "<group>";
		};
/* End PBXGroup section */

/* Begin PBXProject section */
		C5740B9E2D3C8D2D00F6D687 /* Project object */ = {
			isa = PBXProject;
			attributes = {
				BuildIndependentTargetsInParallel = 1;
				LastUpgradeCheck = 1610;
			};
			buildConfigurationList = C5740BA12D3C8D2D00F6D687 /* Build configuration list for PBXProject "index.html" */;
			developmentRegion = en;
			hasScannedForEncodings = 0;
			knownRegions = (
				en,
				Base,
			);
			mainGroup = C5740B9D2D3C8D2D00F6D687;
			minimizedProjectReferenceProxies = 1;
			preferredProjectObjectVersion = 77;
			projectDirPath = "";
			projectRoot = "";
			targets = (
			);
		};
/* End PBXProject section */

/* Begin XCBuildConfiguration section */
		C5740BA22D3C8D2D00F6D687 /* Debug */ = {
			isa = XCBuildConfiguration;
			buildSettings = {
			};
			name = Debug;
		};
		C5740BA32D3C8D2D00F6D687 /* Release */ = {
			isa = XCBuildConfiguration;
			buildSettings = {
			};
			name = Release;
		};
/* End XCBuildConfiguration section */

/* Begin XCConfigurationList section */
		C5740BA12D3C8D2D00F6D687 /* Build configuration list for PBXProject "index.html" */ = {
			isa = XCConfigurationList;
			buildConfigurations = (
				C5740BA22D3C8D2D00F6D687 /* Debug */,
				C5740BA32D3C8D2D00F6D687 /* Release */,
			);
			defaultConfigurationIsVisible = 0;
			defaultConfigurationName = Release;
		};
/* End XCConfigurationList section */
	};
	rootObject = C5740B9E2D3C8D2D00F6D687 /* Project object */;
}
